// !$*UTF8*$!
{
	archiveVersion = 1;
	classes = {
	};
	objectVersion = 56;
	objects = {

/* Begin PBXBuildFile section */
		A3F3DA432B610CA40099444B /* FloatingTabBarApp.swift in Sources */ = {isa = PBXBuildFile; fileRef = A3F3DA422B610CA40099444B /* FloatingTabBarApp.swift */; };
		A3F3DA452B610CA40099444B /* ContentView.swift in Sources */ = {isa = PBXBuildFile; fileRef = A3F3DA442B610CA40099444B /* ContentView.swift */; };
		A3F3DA472B610CA50099444B /* Assets.xcassets in Resources */ = {isa = PBXBuildFile; fileRef = A3F3DA462B610CA50099444B /* Assets.xcassets */; };
		A3F3DA4A2B610CA50099444B /* Preview Assets.xcassets in Resources */ = {isa = PBXBuildFile; fileRef = A3F3DA492B610CA50099444B /* Preview Assets.xcassets */; };
		A3F3DA552B610CA50099444B /* FloatingTabBarTests.swift in Sources */ = {isa = PBXBuildFile; fileRef = A3F3DA542B610CA50099444B /* FloatingTabBarTests.swift */; };
		A3F3DA5F2B610CA50099444B /* FloatingTabBarUITests.swift in Sources */ = {isa = PBXBuildFile; fileRef = A3F3DA5E2B610CA50099444B /* FloatingTabBarUITests.swift */; };
		A3F3DA612B610CA50099444B /* FloatingTabBarUITestsLaunchTests.swift in Sources */ = {isa = PBXBuildFile; fileRef = A3F3DA602B610CA50099444B /* FloatingTabBarUITestsLaunchTests.swift */; };
/* End PBXBuildFile section */

/* Begin PBXContainerItemProxy section */
		A3F3DA512B610CA50099444B /* PBXContainerItemProxy */ = {
			isa = PBXContainerItemProxy;
			containerPortal = A3F3DA372B610CA40099444B /* Project object */;
			proxyType = 1;
			remoteGlobalIDString = A3F3DA3E2B610CA40099444B;
			remoteInfo = FloatingTabBar;
		};
		A3F3DA5B2B610CA50099444B /* PBXContainerItemProxy */ = {
			isa = PBXContainerItemProxy;
			containerPortal = A3F3DA372B610CA40099444B /* Project object */;
			proxyType = 1;
			remoteGlobalIDString = A3F3DA3E2B610CA40099444B;
			remoteInfo = FloatingTabBar;
		};
/* End PBXContainerItemProxy section */

/* Begin PBXFileReference section */
		A3F3DA3F2B610CA40099444B /* FloatingTabBar.app */ = {isa = PBXFileReference; explicitFileType = wrapper.application; includeInIndex = 0; path = FloatingTabBar.app; sourceTree = BUILT_PRODUCTS_DIR; };
		A3F3DA422B610CA40099444B /* FloatingTabBarApp.swift */ = {isa = PBXFileReference; lastKnownFileType = sourcecode.swift; path = FloatingTabBarApp.swift; sourceTree = "<group>"; };
		A3F3DA442B610CA40099444B /* ContentView.swift */ = {isa = PBXFileReference; lastKnownFileType = sourcecode.swift; path = ContentView.swift; sourceTree = "<group>"; };
		A3F3DA462B610CA50099444B /* Assets.xcassets */ = {isa = PBXFileReference; lastKnownFileType = folder.assetcatalog; path = Assets.xcassets; sourceTree = "<group>"; };
		A3F3DA492B610CA50099444B /* Preview Assets.xcassets */ = {isa = PBXFileReference; lastKnownFileType = folder.assetcatalog; path = "Preview Assets.xcassets"; sourceTree = "<group>"; };
		A3F3DA4B2B610CA50099444B /* FloatingTabBar.entitlements */ = {isa = PBXFileReference; lastKnownFileType = text.plist.entitlements; path = FloatingTabBar.entitlements; sourceTree = "<group>"; };
		A3F3DA502B610CA50099444B /* FloatingTabBarTests.xctest */ = {isa = PBXFileReference; explicitFileType = wrapper.cfbundle; includeInIndex = 0; path = FloatingTabBarTests.xctest; sourceTree = BUILT_PRODUCTS_DIR; };
		A3F3DA542B610CA50099444B /* FloatingTabBarTests.swift */ = {isa = PBXFileReference; lastKnownFileType = sourcecode.swift; path = FloatingTabBarTests.swift; sourceTree = "<group>"; };
		A3F3DA5A2B610CA50099444B /* FloatingTabBarUITests.xctest */ = {isa = PBXFileReference; explicitFileType = wrapper.cfbundle; includeInIndex = 0; path = FloatingTabBarUITests.xctest; sourceTree = BUILT_PRODUCTS_DIR; };
		A3F3DA5E2B610CA50099444B /* FloatingTabBarUITests.swift */ = {isa = PBXFileReference; lastKnownFileType = sourcecode.swift; path = FloatingTabBarUITests.swift; sourceTree = "<group>"; };
		A3F3DA602B610CA50099444B /* FloatingTabBarUITestsLaunchTests.swift */ = {isa = PBXFileReference; lastKnownFileType = sourcecode.swift; path = FloatingTabBarUITestsLaunchTests.swift; sourceTree = "<group>"; };
/* End PBXFileReference section */

/* Begin PBXFrameworksBuildPhase section */
		A3F3DA3C2B610CA40099444B /* Frameworks */ = {
			isa = PBXFrameworksBuildPhase;
			buildActionMask = 2147483647;
			files = (
			);
			runOnlyForDeploymentPostprocessing = 0;
		};
		A3F3DA4D2B610CA50099444B /* Frameworks */ = {
			isa = PBXFrameworksBuildPhase;
			buildActionMask = 2147483647;
			files = (
			);
			runOnlyForDeploymentPostprocessing = 0;
		};
		A3F3DA572B610CA50099444B /* Frameworks */ = {
			isa = PBXFrameworksBuildPhase;
			buildActionMask = 2147483647;
			files = (
			);
			runOnlyForDeploymentPostprocessing = 0;
		};
/* End PBXFrameworksBuildPhase section */

/* Begin PBXGroup section */
		A3F3DA362B610CA40099444B = {
			isa = PBXGroup;
			children = (
				A3F3DA412B610CA40099444B /* FloatingTabBar */,
				A3F3DA532B610CA50099444B /* FloatingTabBarTests */,
				A3F3DA5D2B610CA50099444B /* FloatingTabBarUITests */,
				A3F3DA402B610CA40099444B /* Products */,
			);
			sourceTree = "<group>";
		};
		A3F3DA402B610CA40099444B /* Products */ = {
			isa = PBXGroup;
			children = (
				A3F3DA3F2B610CA40099444B /* FloatingTabBar.app */,
				A3F3DA502B610CA50099444B /* FloatingTabBarTests.xctest */,
				A3F3DA5A2B610CA50099444B /* FloatingTabBarUITests.xctest */,
			);
			name = Products;
			sourceTree = "<group>";
		};
		A3F3DA412B610CA40099444B /* FloatingTabBar */ = {
			isa = PBXGroup;
			children = (
				A3F3DA422B610CA40099444B /* FloatingTabBarApp.swift */,
				A3F3DA442B610CA40099444B /* ContentView.swift */,
				A3F3DA462B610CA50099444B /* Assets.xcassets */,
				A3F3DA4B2B610CA50099444B /* FloatingTabBar.entitlements */,
				A3F3DA482B610CA50099444B /* Preview Content */,
			);
			path = FloatingTabBar;
			sourceTree = "<group>";
		};
		A3F3DA482B610CA50099444B /* Preview Content */ = {
			isa = PBXGroup;
			children = (
				A3F3DA492B610CA50099444B /* Preview Assets.xcassets */,
			);
			path = "Preview Content";
			sourceTree = "<group>";
		};
		A3F3DA532B610CA50099444B /* FloatingTabBarTests */ = {
			isa = PBXGroup;
			children = (
				A3F3DA542B610CA50099444B /* FloatingTabBarTests.swift */,
			);
			path = FloatingTabBarTests;
			sourceTree = "<group>";
		};
		A3F3DA5D2B610CA50099444B /* FloatingTabBarUITests */ = {
			isa = PBXGroup;
			children = (
				A3F3DA5E2B610CA50099444B /* FloatingTabBarUITests.swift */,
				A3F3DA602B610CA50099444B /* FloatingTabBarUITestsLaunchTests.swift */,
			);
			path = FloatingTabBarUITests;
			sourceTree = "<group>";
		};
/* End PBXGroup section */

/* Begin PBXNativeTarget section */
		A3F3DA3E2B610CA40099444B /* FloatingTabBar */ = {
			isa = PBXNativeTarget;
			buildConfigurationList = A3F3DA642B610CA50099444B /* Build configuration list for PBXNativeTarget "FloatingTabBar" */;
			buildPhases = (
				A3F3DA3B2B610CA40099444B /* Sources */,
				A3F3DA3C2B610CA40099444B /* Frameworks */,
				A3F3DA3D2B610CA40099444B /* Resources */,
			);
			buildRules = (
			);
			dependencies = (
			);
			name = FloatingTabBar;
			productName = FloatingTabBar;
			productReference = A3F3DA3F2B610CA40099444B /* FloatingTabBar.app */;
			productType = "com.apple.product-type.application";
		};
		A3F3DA4F2B610CA50099444B /* FloatingTabBarTests */ = {
			isa = PBXNativeTarget;
			buildConfigurationList = A3F3DA672B610CA50099444B /* Build configuration list for PBXNativeTarget "FloatingTabBarTests" */;
			buildPhases = (
				A3F3DA4C2B610CA50099444B /* Sources */,
				A3F3DA4D2B610CA50099444B /* Frameworks */,
				A3F3DA4E2B610CA50099444B /* Resources */,
			);
			buildRules = (
			);
			dependencies = (
				A3F3DA522B610CA50099444B /* PBXTargetDependency */,
			);
			name = FloatingTabBarTests;
			productName = FloatingTabBarTests;
			productReference = A3F3DA502B610CA50099444B /* FloatingTabBarTests.xctest */;
			productType = "com.apple.product-type.bundle.unit-test";
		};
		A3F3DA592B610CA50099444B /* FloatingTabBarUITests */ = {
			isa = PBXNativeTarget;
			buildConfigurationList = A3F3DA6A2B610CA50099444B /* Build configuration list for PBXNativeTarget "FloatingTabBarUITests" */;
			buildPhases = (
				A3F3DA562B610CA50099444B /* Sources */,
				A3F3DA572B610CA50099444B /* Frameworks */,
				A3F3DA582B610CA50099444B /* Resources */,
			);
			buildRules = (
			);
			dependencies = (
				A3F3DA5C2B610CA50099444B /* PBXTargetDependency */,
			);
			name = FloatingTabBarUITests;
			productName = FloatingTabBarUITests;
			productReference = A3F3DA5A2B610CA50099444B /* FloatingTabBarUITests.xctest */;
			productType = "com.apple.product-type.bundle.ui-testing";
		};
/* End PBXNativeTarget section */

/* Begin PBXProject section */
		A3F3DA372B610CA40099444B /* Project object */ = {
			isa = PBXProject;
			attributes = {
				BuildIndependentTargetsInParallel = 1;
				LastSwiftUpdateCheck = 1520;
				LastUpgradeCheck = 1520;
				TargetAttributes = {
					A3F3DA3E2B610CA40099444B = {
						CreatedOnToolsVersion = 15.2;
					};
					A3F3DA4F2B610CA50099444B = {
						CreatedOnToolsVersion = 15.2;
						TestTargetID = A3F3DA3E2B610CA40099444B;
					};
					A3F3DA592B610CA50099444B = {
						CreatedOnToolsVersion = 15.2;
						TestTargetID = A3F3DA3E2B610CA40099444B;
					};
				};
			};
			buildConfigurationList = A3F3DA3A2B610CA40099444B /* Build configuration list for PBXProject "FloatingTabBar" */;
			compatibilityVersion = "Xcode 14.0";
			developmentRegion = en;
			hasScannedForEncodings = 0;
			knownRegions = (
				en,
				Base,
			);
			mainGroup = A3F3DA362B610CA40099444B;
			productRefGroup = A3F3DA402B610CA40099444B /* Products */;
			projectDirPath = "";
			projectRoot = "";
			targets = (
				A3F3DA3E2B610CA40099444B /* FloatingTabBar */,
				A3F3DA4F2B610CA50099444B /* FloatingTabBarTests */,
				A3F3DA592B610CA50099444B /* FloatingTabBarUITests */,
			);
		};
/* End PBXProject section */

/* Begin PBXResourcesBuildPhase section */
		A3F3DA3D2B610CA40099444B /* Resources */ = {
			isa = PBXResourcesBuildPhase;
			buildActionMask = 2147483647;
			files = (
				A3F3DA4A2B610CA50099444B /* Preview Assets.xcassets in Resources */,
				A3F3DA472B610CA50099444B /* Assets.xcassets in Resources */,
			);
			runOnlyForDeploymentPostprocessing = 0;
		};
		A3F3DA4E2B610CA50099444B /* Resources */ = {
			isa = PBXResourcesBuildPhase;
			buildActionMask = 2147483647;
			files = (
			);
			runOnlyForDeploymentPostprocessing = 0;
		};
		A3F3DA582B610CA50099444B /* Resources */ = {
			isa = PBXResourcesBuildPhase;
			buildActionMask = 2147483647;
			files = (
			);
			runOnlyForDeploymentPostprocessing = 0;
		};
/* End PBXResourcesBuildPhase section */

/* Begin PBXSourcesBuildPhase section */
		A3F3DA3B2B610CA40099444B /* Sources */ = {
			isa = PBXSourcesBuildPhase;
			buildActionMask = 2147483647;
			files = (
				A3F3DA452B610CA40099444B /* ContentView.swift in Sources */,
				A3F3DA432B610CA40099444B /* FloatingTabBarApp.swift in Sources */,
			);
			runOnlyForDeploymentPostprocessing = 0;
		};
		A3F3DA4C2B610CA50099444B /* Sources */ = {
			isa = PBXSourcesBuildPhase;
			buildActionMask = 2147483647;
			files = (
				A3F3DA552B610CA50099444B /* FloatingTabBarTests.swift in Sources */,
			);
			runOnlyForDeploymentPostprocessing = 0;
		};
		A3F3DA562B610CA50099444B /* Sources */ = {
			isa = PBXSourcesBuildPhase;
			buildActionMask = 2147483647;
			files = (
				A3F3DA612B610CA50099444B /* FloatingTabBarUITestsLaunchTests.swift in Sources */,
				A3F3DA5F2B610CA50099444B /* FloatingTabBarUITests.swift in Sources */,
			);
			runOnlyForDeploymentPostprocessing = 0;
		};
/* End PBXSourcesBuildPhase section */

/* Begin PBXTargetDependency section */
		A3F3DA522B610CA50099444B /* PBXTargetDependency */ = {
			isa = PBXTargetDependency;
			target = A3F3DA3E2B610CA40099444B /* FloatingTabBar */;
			targetProxy = A3F3DA512B610CA50099444B /* PBXContainerItemProxy */;
		};
		A3F3DA5C2B610CA50099444B /* PBXTargetDependency */ = {
			isa = PBXTargetDependency;
			target = A3F3DA3E2B610CA40099444B /* FloatingTabBar */;
			targetProxy = A3F3DA5B2B610CA50099444B /* PBXContainerItemProxy */;
		};
/* End PBXTargetDependency section */

/* Begin XCBuildConfiguration section */
		A3F3DA622B610CA50099444B /* Debug */ = {
			isa = XCBuildConfiguration;
			buildSettings = {
				ALWAYS_SEARCH_USER_PATHS = NO;
				ASSETCATALOG_COMPILER_GENERATE_SWIFT_ASSET_SYMBOL_EXTENSIONS = YES;
				CLANG_ANALYZER_NONNULL = YES;
				CLANG_ANALYZER_NUMBER_OBJECT_CONVERSION = YES_AGGRESSIVE;
				CLANG_CXX_LANGUAGE_STANDARD = "gnu++20";
				CLANG_ENABLE_MODULES = YES;
				CLANG_ENABLE_OBJC_ARC = YES;
				CLANG_ENABLE_OBJC_WEAK = YES;
				CLANG_WARN_BLOCK_CAPTURE_AUTORELEASING = YES;
				CLANG_WARN_BOOL_CONVERSION = YES;
				CLANG_WARN_COMMA = YES;
				CLANG_WARN_CONSTANT_CONVERSION = YES;
				CLANG_WARN_DEPRECATED_OBJC_IMPLEMENTATIONS = YES;
				CLANG_WARN_DIRECT_OBJC_ISA_USAGE = YES_ERROR;
				CLANG_WARN_DOCUMENTATION_COMMENTS = YES;
				CLANG_WARN_EMPTY_BODY = YES;
				CLANG_WARN_ENUM_CONVERSION = YES;
				CLANG_WARN_INFINITE_RECURSION = YES;
				CLANG_WARN_INT_CONVERSION = YES;
				CLANG_WARN_NON_LITERAL_NULL_CONVERSION = YES;
				CLANG_WARN_OBJC_IMPLICIT_RETAIN_SELF = YES;
				CLANG_WARN_OBJC_LITERAL_CONVERSION = YES;
				CLANG_WARN_OBJC_ROOT_CLASS = YES_ERROR;
				CLANG_WARN_QUOTED_INCLUDE_IN_FRAMEWORK_HEADER = YES;
				CLANG_WARN_RANGE_LOOP_ANALYSIS = YES;
				CLANG_WARN_STRICT_PROTOTYPES = YES;
				CLANG_WARN_SUSPICIOUS_MOVE = YES;
				CLANG_WARN_UNGUARDED_AVAILABILITY = YES_AGGRESSIVE;
				CLANG_WARN_UNREACHABLE_CODE = YES;
				CLANG_WARN__DUPLICATE_METHOD_MATCH = YES;
				COPY_PHASE_STRIP = NO;
				DEBUG_INFORMATION_FORMAT = dwarf;
				ENABLE_STRICT_OBJC_MSGSEND = YES;
				ENABLE_TESTABILITY = YES;
				ENABLE_USER_SCRIPT_SANDBOXING = YES;
				GCC_C_LANGUAGE_STANDARD = gnu17;
				GCC_DYNAMIC_NO_PIC = NO;
				GCC_NO_COMMON_BLOCKS = YES;
				GCC_OPTIMIZATION_LEVEL = 0;
				GCC_PREPROCESSOR_DEFINITIONS = (
					"DEBUG=1",
					"$(inherited)",
				);
				GCC_WARN_64_TO_32_BIT_CONVERSION = YES;
				GCC_WARN_ABOUT_RETURN_TYPE = YES_ERROR;
				GCC_WARN_UNDECLARED_SELECTOR = YES;
				GCC_WARN_UNINITIALIZED_AUTOS = YES_AGGRESSIVE;
				GCC_WARN_UNUSED_FUNCTION = YES;
				GCC_WARN_UNUSED_VARIABLE = YES;
				LOCALIZATION_PREFERS_STRING_CATALOGS = YES;
				MACOSX_DEPLOYMENT_TARGET = 14.2;
				MTL_ENABLE_DEBUG_INFO = INCLUDE_SOURCE;
				MTL_FAST_MATH = YES;
				ONLY_ACTIVE_ARCH = YES;
				SDKROOT = macosx;
				SWIFT_ACTIVE_COMPILATION_CONDITIONS = "DEBUG $(inherited)";
				SWIFT_OPTIMIZATION_LEVEL = "-Onone";
			};
			name = Debug;
		};
		A3F3DA632B610CA50099444B /* Release */ = {
			isa = XCBuildConfiguration;
			buildSettings = {
				ALWAYS_SEARCH_USER_PATHS = NO;
				ASSETCATALOG_COMPILER_GENERATE_SWIFT_ASSET_SYMBOL_EXTENSIONS = YES;
				CLANG_ANALYZER_NONNULL = YES;
				CLANG_ANALYZER_NUMBER_OBJECT_CONVERSION = YES_AGGRESSIVE;
				CLANG_CXX_LANGUAGE_STANDARD = "gnu++20";
				CLANG_ENABLE_MODULES = YES;
				CLANG_ENABLE_OBJC_ARC = YES;
				CLANG_ENABLE_OBJC_WEAK = YES;
				CLANG_WARN_BLOCK_CAPTURE_AUTORELEASING = YES;
				CLANG_WARN_BOOL_CONVERSION = YES;
				CLANG_WARN_COMMA = YES;
				CLANG_WARN_CONSTANT_CONVERSION = YES;
				CLANG_WARN_DEPRECATED_OBJC_IMPLEMENTATIONS = YES;
				CLANG_WARN_DIRECT_OBJC_ISA_USAGE = YES_ERROR;
				CLANG_WARN_DOCUMENTATION_COMMENTS = YES;
				CLANG_WARN_EMPTY_BODY = YES;
				CLANG_WARN_ENUM_CONVERSION = YES;
				CLANG_WARN_INFINITE_RECURSION = YES;
				CLANG_WARN_INT_CONVERSION = YES;
				CLANG_WARN_NON_LITERAL_NULL_CONVERSION = YES;
				CLANG_WARN_OBJC_IMPLICIT_RETAIN_SELF = YES;
				CLANG_WARN_OBJC_LITERAL_CONVERSION = YES;
				CLANG_WARN_OBJC_ROOT_CLASS = YES_ERROR;
				CLANG_WARN_QUOTED_INCLUDE_IN_FRAMEWORK_HEADER = YES;
				CLANG_WARN_RANGE_LOOP_ANALYSIS = YES;
				CLANG_WARN_STRICT_PROTOTYPES = YES;
				CLANG_WARN_SUSPICIOUS_MOVE = YES;
				CLANG_WARN_UNGUARDED_AVAILABILITY = YES_AGGRESSIVE;
				CLANG_WARN_UNREACHABLE_CODE = YES;
				CLANG_WARN__DUPLICATE_METHOD_MATCH = YES;
				COPY_PHASE_STRIP = NO;
				DEBUG_INFORMATION_FORMAT = "dwarf-with-dsym";
				ENABLE_NS_ASSERTIONS = NO;
				ENABLE_STRICT_OBJC_MSGSEND = YES;
				ENABLE_USER_SCRIPT_SANDBOXING = YES;
				GCC_C_LANGUAGE_STANDARD = gnu17;
				GCC_NO_COMMON_BLOCKS = YES;
				GCC_WARN_64_TO_32_BIT_CONVERSION = YES;
				GCC_WARN_ABOUT_RETURN_TYPE = YES_ERROR;
				GCC_WARN_UNDECLARED_SELECTOR = YES;
				GCC_WARN_UNINITIALIZED_AUTOS = YES_AGGRESSIVE;
				GCC_WARN_UNUSED_FUNCTION = YES;
				GCC_WARN_UNUSED_VARIABLE = YES;
				LOCALIZATION_PREFERS_STRING_CATALOGS = YES;
				MACOSX_DEPLOYMENT_TARGET = 14.2;
				MTL_ENABLE_DEBUG_INFO = NO;
				MTL_FAST_MATH = YES;
				SDKROOT = macosx;
				SWIFT_COMPILATION_MODE = wholemodule;
			};
			name = Release;
		};
		A3F3DA652B610CA50099444B /* Debug */ = {
			isa = XCBuildConfiguration;
			buildSettings = {
				ASSETCATALOG_COMPILER_APPICON_NAME = AppIcon;
				ASSETCATALOG_COMPILER_GLOBAL_ACCENT_COLOR_NAME = AccentColor;
				CODE_SIGN_ENTITLEMENTS = FloatingTabBar/FloatingTabBar.entitlements;
				CODE_SIGN_STYLE = Automatic;
				COMBINE_HIDPI_IMAGES = YES;
				CURRENT_PROJECT_VERSION = 1;
				DEVELOPMENT_ASSET_PATHS = "\"FloatingTabBar/Preview Content\"";
				ENABLE_PREVIEWS = YES;
				GENERATE_INFOPLIST_FILE = YES;
				INFOPLIST_KEY_NSHumanReadableCopyright = "";
				LD_RUNPATH_SEARCH_PATHS = (
					"$(inherited)",
					"@executable_path/../Frameworks",
				);
				MARKETING_VERSION = 1.0;
				PRODUCT_BUNDLE_IDENTIFIER = com.wxb.FloatingTabBar;
				PRODUCT_NAME = "$(TARGET_NAME)";
				SWIFT_EMIT_LOC_STRINGS = YES;
				SWIFT_VERSION = 5.0;
			};
			name = Debug;
		};
		A3F3DA662B610CA50099444B /* Release */ = {
			isa = XCBuildConfiguration;
			buildSettings = {
				ASSETCATALOG_COMPILER_APPICON_NAME = AppIcon;
				ASSETCATALOG_COMPILER_GLOBAL_ACCENT_COLOR_NAME = AccentColor;
				CODE_SIGN_ENTITLEMENTS = FloatingTabBar/FloatingTabBar.entitlements;
				CODE_SIGN_STYLE = Automatic;
				COMBINE_HIDPI_IMAGES = YES;
				CURRENT_PROJECT_VERSION = 1;
				DEVELOPMENT_ASSET_PATHS = "\"FloatingTabBar/Preview Content\"";
				ENABLE_PREVIEWS = YES;
				GENERATE_INFOPLIST_FILE = YES;
				INFOPLIST_KEY_NSHumanReadableCopyright = "";
				LD_RUNPATH_SEARCH_PATHS = (
					"$(inherited)",
					"@executable_path/../Frameworks",
				);
				MARKETING_VERSION = 1.0;
				PRODUCT_BUNDLE_IDENTIFIER = com.wxb.FloatingTabBar;
				PRODUCT_NAME = "$(TARGET_NAME)";
				SWIFT_EMIT_LOC_STRINGS = YES;
				SWIFT_VERSION = 5.0;
			};
			name = Release;
		};
		A3F3DA682B610CA50099444B /* Debug */ = {
			isa = XCBuildConfiguration;
			buildSettings = {
				ALWAYS_EMBED_SWIFT_STANDARD_LIBRARIES = YES;
				BUNDLE_LOADER = "$(TEST_HOST)";
				CODE_SIGN_STYLE = Automatic;
				CURRENT_PROJECT_VERSION = 1;
				GENERATE_INFOPLIST_FILE = YES;
				MACOSX_DEPLOYMENT_TARGET = 14.2;
				MARKETING_VERSION = 1.0;
				PRODUCT_BUNDLE_IDENTIFIER = com.wxb.FloatingTabBarTests;
				PRODUCT_NAME = "$(TARGET_NAME)";
				SWIFT_EMIT_LOC_STRINGS = NO;
				SWIFT_VERSION = 5.0;
				TEST_HOST = "$(BUILT_PRODUCTS_DIR)/FloatingTabBar.app/$(BUNDLE_EXECUTABLE_FOLDER_PATH)/FloatingTabBar";
			};
			name = Debug;
		};
		A3F3DA692B610CA50099444B /* Release */ = {
			isa = XCBuildConfiguration;
			buildSettings = {
				ALWAYS_EMBED_SWIFT_STANDARD_LIBRARIES = YES;
				BUNDLE_LOADER = "$(TEST_HOST)";
				CODE_SIGN_STYLE = Automatic;
				CURRENT_PROJECT_VERSION = 1;
				GENERATE_INFOPLIST_FILE = YES;
				MACOSX_DEPLOYMENT_TARGET = 14.2;
				MARKETING_VERSION = 1.0;
				PRODUCT_BUNDLE_IDENTIFIER = com.wxb.FloatingTabBarTests;
				PRODUCT_NAME = "$(TARGET_NAME)";
				SWIFT_EMIT_LOC_STRINGS = NO;
				SWIFT_VERSION = 5.0;
				TEST_HOST = "$(BUILT_PRODUCTS_DIR)/FloatingTabBar.app/$(BUNDLE_EXECUTABLE_FOLDER_PATH)/FloatingTabBar";
			};
			name = Release;
		};
		A3F3DA6B2B610CA50099444B /* Debug */ = {
			isa = XCBuildConfiguration;
			buildSettings = {
				ALWAYS_EMBED_SWIFT_STANDARD_LIBRARIES = YES;
				CODE_SIGN_STYLE = Automatic;
				CURRENT_PROJECT_VERSION = 1;
				GENERATE_INFOPLIST_FILE = YES;
				MARKETING_VERSION = 1.0;
				PRODUCT_BUNDLE_IDENTIFIER = com.wxb.FloatingTabBarUITests;
				PRODUCT_NAME = "$(TARGET_NAME)";
				SWIFT_EMIT_LOC_STRINGS = NO;
				SWIFT_VERSION = 5.0;
				TEST_TARGET_NAME = FloatingTabBar;
			};
			name = Debug;
		};
		A3F3DA6C2B610CA50099444B /* Release */ = {
			isa = XCBuildConfiguration;
			buildSettings = {
				ALWAYS_EMBED_SWIFT_STANDARD_LIBRARIES = YES;
				CODE_SIGN_STYLE = Automatic;
				CURRENT_PROJECT_VERSION = 1;
				GENERATE_INFOPLIST_FILE = YES;
				MARKETING_VERSION = 1.0;
				PRODUCT_BUNDLE_IDENTIFIER = com.wxb.FloatingTabBarUITests;
				PRODUCT_NAME = "$(TARGET_NAME)";
				SWIFT_EMIT_LOC_STRINGS = NO;
				SWIFT_VERSION = 5.0;
				TEST_TARGET_NAME = FloatingTabBar;
			};
			name = Release;
		};
/* End XCBuildConfiguration section */

/* Begin XCConfigurationList section */
		A3F3DA3A2B610CA40099444B /* Build configuration list for PBXProject "FloatingTabBar" */ = {
			isa = XCConfigurationList;
			buildConfigurations = (
				A3F3DA622B610CA50099444B /* Debug */,
				A3F3DA632B610CA50099444B /* Release */,
			);
			defaultConfigurationIsVisible = 0;
			defaultConfigurationName = Release;
		};
		A3F3DA642B610CA50099444B /* Build configuration list for PBXNativeTarget "FloatingTabBar" */ = {
			isa = XCConfigurationList;
			buildConfigurations = (
				A3F3DA652B610CA50099444B /* Debug */,
				A3F3DA662B610CA50099444B /* Release */,
			);
			defaultConfigurationIsVisible = 0;
			defaultConfigurationName = Release;
		};
		A3F3DA672B610CA50099444B /* Build configuration list for PBXNativeTarget "FloatingTabBarTests" */ = {
			isa = XCConfigurationList;
			buildConfigurations = (
				A3F3DA682B610CA50099444B /* Debug */,
				A3F3DA692B610CA50099444B /* Release */,
			);
			defaultConfigurationIsVisible = 0;
			defaultConfigurationName = Release;
		};
		A3F3DA6A2B610CA50099444B /* Build configuration list for PBXNativeTarget "FloatingTabBarUITests" */ = {
			isa = XCConfigurationList;
			buildConfigurations = (
				A3F3DA6B2B610CA50099444B /* Debug */,
				A3F3DA6C2B610CA50099444B /* Release */,
			);
			defaultConfigurationIsVisible = 0;
			defaultConfigurationName = Release;
		};
/* End XCConfigurationList section */
	};
	rootObject = A3F3DA372B610CA40099444B /* Project object */;
}
