// !$*UTF8*$!
{
	archiveVersion = 1;
	classes = {
	};
	objectVersion = 56;
	objects = {

/* Begin PBXBuildFile section */
		A3979C2C2BA135A40087C039 /* loginInApp.swift in Sources */ = {isa = PBXBuildFile; fileRef = A3979C2B2BA135A40087C039 /* loginInApp.swift */; };
		A3979C2E2BA135A40087C039 /* ContentView.swift in Sources */ = {isa = PBXBuildFile; fileRef = A3979C2D2BA135A40087C039 /* ContentView.swift */; };
		A3979C302BA135A50087C039 /* Assets.xcassets in Resources */ = {isa = PBXBuildFile; fileRef = A3979C2F2BA135A50087C039 /* Assets.xcassets */; };
		A3979C332BA135A50087C039 /* Preview Assets.xcassets in Resources */ = {isa = PBXBuildFile; fileRef = A3979C322BA135A50087C039 /* Preview Assets.xcassets */; };
		A3979C3B2BA136680087C039 /* User.swift in Sources */ = {isa = PBXBuildFile; fileRef = A3979C3A2BA136680087C039 /* User.swift */; };
		A3979C3D2BA139130087C039 /* Tools.swift in Sources */ = {isa = PBXBuildFile; fileRef = A3979C3C2BA139130087C039 /* Tools.swift */; };
		A3979C3F2BA13DDE0087C039 /* UserTaskGroupDemoView.swift in Sources */ = {isa = PBXBuildFile; fileRef = A3979C3E2BA13DDE0087C039 /* UserTaskGroupDemoView.swift */; };
/* End PBXBuildFile section */

/* Begin PBXFileReference section */
		A3979C282BA135A40087C039 /* loginIn.app */ = {isa = PBXFileReference; explicitFileType = wrapper.application; includeInIndex = 0; path = loginIn.app; sourceTree = BUILT_PRODUCTS_DIR; };
		A3979C2B2BA135A40087C039 /* loginInApp.swift */ = {isa = PBXFileReference; lastKnownFileType = sourcecode.swift; path = loginInApp.swift; sourceTree = "<group>"; };
		A3979C2D2BA135A40087C039 /* ContentView.swift */ = {isa = PBXFileReference; lastKnownFileType = sourcecode.swift; path = ContentView.swift; sourceTree = "<group>"; };
		A3979C2F2BA135A50087C039 /* Assets.xcassets */ = {isa = PBXFileReference; lastKnownFileType = folder.assetcatalog; path = Assets.xcassets; sourceTree = "<group>"; };
		A3979C322BA135A50087C039 /* Preview Assets.xcassets */ = {isa = PBXFileReference; lastKnownFileType = folder.assetcatalog; path = "Preview Assets.xcassets"; sourceTree = "<group>"; };
		A3979C342BA135A50087C039 /* loginIn.entitlements */ = {isa = PBXFileReference; lastKnownFileType = text.plist.entitlements; path = loginIn.entitlements; sourceTree = "<group>"; };
		A3979C3A2BA136680087C039 /* User.swift */ = {isa = PBXFileReference; lastKnownFileType = sourcecode.swift; path = User.swift; sourceTree = "<group>"; };
		A3979C3C2BA139130087C039 /* Tools.swift */ = {isa = PBXFileReference; lastKnownFileType = sourcecode.swift; path = Tools.swift; sourceTree = "<group>"; };
		A3979C3E2BA13DDE0087C039 /* UserTaskGroupDemoView.swift */ = {isa = PBXFileReference; lastKnownFileType = sourcecode.swift; path = UserTaskGroupDemoView.swift; sourceTree = "<group>"; };
/* End PBXFileReference section */

/* Begin PBXFrameworksBuildPhase section */
		A3979C252BA135A40087C039 /* Frameworks */ = {
			isa = PBXFrameworksBuildPhase;
			buildActionMask = 2147483647;
			files = (
			);
			runOnlyForDeploymentPostprocessing = 0;
		};
/* End PBXFrameworksBuildPhase section */

/* Begin PBXGroup section */
		A3979C1F2BA135A40087C039 = {
			isa = PBXGroup;
			children = (
				A3979C2A2BA135A40087C039 /* loginIn */,
				A3979C292BA135A40087C039 /* Products */,
			);
			sourceTree = "<group>";
		};
		A3979C292BA135A40087C039 /* Products */ = {
			isa = PBXGroup;
			children = (
				A3979C282BA135A40087C039 /* loginIn.app */,
			);
			name = Products;
			sourceTree = "<group>";
		};
		A3979C2A2BA135A40087C039 /* loginIn */ = {
			isa = PBXGroup;
			children = (
				A3979C2B2BA135A40087C039 /* loginInApp.swift */,
				A3979C2D2BA135A40087C039 /* ContentView.swift */,
				A3979C3E2BA13DDE0087C039 /* UserTaskGroupDemoView.swift */,
				A3979C3A2BA136680087C039 /* User.swift */,
				A3979C3C2BA139130087C039 /* Tools.swift */,
				A3979C2F2BA135A50087C039 /* Assets.xcassets */,
				A3979C342BA135A50087C039 /* loginIn.entitlements */,
				A3979C312BA135A50087C039 /* Preview Content */,
			);
			path = loginIn;
			sourceTree = "<group>";
		};
		A3979C312BA135A50087C039 /* Preview Content */ = {
			isa = PBXGroup;
			children = (
				A3979C322BA135A50087C039 /* Preview Assets.xcassets */,
			);
			path = "Preview Content";
			sourceTree = "<group>";
		};
/* End PBXGroup section */

/* Begin PBXNativeTarget section */
		A3979C272BA135A40087C039 /* loginIn */ = {
			isa = PBXNativeTarget;
			buildConfigurationList = A3979C372BA135A50087C039 /* Build configuration list for PBXNativeTarget "loginIn" */;
			buildPhases = (
				A3979C242BA135A40087C039 /* Sources */,
				A3979C252BA135A40087C039 /* Frameworks */,
				A3979C262BA135A40087C039 /* Resources */,
			);
			buildRules = (
			);
			dependencies = (
			);
			name = loginIn;
			productName = loginIn;
			productReference = A3979C282BA135A40087C039 /* loginIn.app */;
			productType = "com.apple.product-type.application";
		};
/* End PBXNativeTarget section */

/* Begin PBXProject section */
		A3979C202BA135A40087C039 /* Project object */ = {
			isa = PBXProject;
			attributes = {
				BuildIndependentTargetsInParallel = 1;
				LastSwiftUpdateCheck = 1530;
				LastUpgradeCheck = 1530;
				TargetAttributes = {
					A3979C272BA135A40087C039 = {
						CreatedOnToolsVersion = 15.3;
					};
				};
			};
			buildConfigurationList = A3979C232BA135A40087C039 /* Build configuration list for PBXProject "loginIn" */;
			compatibilityVersion = "Xcode 14.0";
			developmentRegion = en;
			hasScannedForEncodings = 0;
			knownRegions = (
				en,
				Base,
			);
			mainGroup = A3979C1F2BA135A40087C039;
			productRefGroup = A3979C292BA135A40087C039 /* Products */;
			projectDirPath = "";
			projectRoot = "";
			targets = (
				A3979C272BA135A40087C039 /* loginIn */,
			);
		};
/* End PBXProject section */

/* Begin PBXResourcesBuildPhase section */
		A3979C262BA135A40087C039 /* Resources */ = {
			isa = PBXResourcesBuildPhase;
			buildActionMask = 2147483647;
			files = (
				A3979C332BA135A50087C039 /* Preview Assets.xcassets in Resources */,
				A3979C302BA135A50087C039 /* Assets.xcassets in Resources */,
			);
			runOnlyForDeploymentPostprocessing = 0;
		};
/* End PBXResourcesBuildPhase section */

/* Begin PBXSourcesBuildPhase section */
		A3979C242BA135A40087C039 /* Sources */ = {
			isa = PBXSourcesBuildPhase;
			buildActionMask = 2147483647;
			files = (
				A3979C2E2BA135A40087C039 /* ContentView.swift in Sources */,
				A3979C2C2BA135A40087C039 /* loginInApp.swift in Sources */,
				A3979C3B2BA136680087C039 /* User.swift in Sources */,
				A3979C3F2BA13DDE0087C039 /* UserTaskGroupDemoView.swift in Sources */,
				A3979C3D2BA139130087C039 /* Tools.swift in Sources */,
			);
			runOnlyForDeploymentPostprocessing = 0;
		};
/* End PBXSourcesBuildPhase section */

/* Begin XCBuildConfiguration section */
		A3979C352BA135A50087C039 /* Debug */ = {
			isa = XCBuildConfiguration;
			buildSettings = {
				ALWAYS_SEARCH_USER_PATHS = NO;
				ASSETCATALOG_COMPILER_GENERATE_SWIFT_ASSET_SYMBOL_EXTENSIONS = YES;
				CLANG_ANALYZER_NONNULL = YES;
				CLANG_ANALYZER_NUMBER_OBJECT_CONVERSION = YES_AGGRESSIVE;
				CLANG_CXX_LANGUAGE_STANDARD = "gnu++20";
				CLANG_ENABLE_MODULES = YES;
				CLANG_ENABLE_OBJC_ARC = YES;
				CLANG_ENABLE_OBJC_WEAK = YES;
				CLANG_WARN_BLOCK_CAPTURE_AUTORELEASING = YES;
				CLANG_WARN_BOOL_CONVERSION = YES;
				CLANG_WARN_COMMA = YES;
				CLANG_WARN_CONSTANT_CONVERSION = YES;
				CLANG_WARN_DEPRECATED_OBJC_IMPLEMENTATIONS = YES;
				CLANG_WARN_DIRECT_OBJC_ISA_USAGE = YES_ERROR;
				CLANG_WARN_DOCUMENTATION_COMMENTS = YES;
				CLANG_WARN_EMPTY_BODY = YES;
				CLANG_WARN_ENUM_CONVERSION = YES;
				CLANG_WARN_INFINITE_RECURSION = YES;
				CLANG_WARN_INT_CONVERSION = YES;
				CLANG_WARN_NON_LITERAL_NULL_CONVERSION = YES;
				CLANG_WARN_OBJC_IMPLICIT_RETAIN_SELF = YES;
				CLANG_WARN_OBJC_LITERAL_CONVERSION = YES;
				CLANG_WARN_OBJC_ROOT_CLASS = YES_ERROR;
				CLANG_WARN_QUOTED_INCLUDE_IN_FRAMEWORK_HEADER = YES;
				CLANG_WARN_RANGE_LOOP_ANALYSIS = YES;
				CLANG_WARN_STRICT_PROTOTYPES = YES;
				CLANG_WARN_SUSPICIOUS_MOVE = YES;
				CLANG_WARN_UNGUARDED_AVAILABILITY = YES_AGGRESSIVE;
				CLANG_WARN_UNREACHABLE_CODE = YES;
				CLANG_WARN__DUPLICATE_METHOD_MATCH = YES;
				COPY_PHASE_STRIP = NO;
				DEBUG_INFORMATION_FORMAT = dwarf;
				ENABLE_STRICT_OBJC_MSGSEND = YES;
				ENABLE_TESTABILITY = YES;
				ENABLE_USER_SCRIPT_SANDBOXING = YES;
				GCC_C_LANGUAGE_STANDARD = gnu17;
				GCC_DYNAMIC_NO_PIC = NO;
				GCC_NO_COMMON_BLOCKS = YES;
				GCC_OPTIMIZATION_LEVEL = 0;
				GCC_PREPROCESSOR_DEFINITIONS = (
					"DEBUG=1",
					"$(inherited)",
				);
				GCC_WARN_64_TO_32_BIT_CONVERSION = YES;
				GCC_WARN_ABOUT_RETURN_TYPE = YES_ERROR;
				GCC_WARN_UNDECLARED_SELECTOR = YES;
				GCC_WARN_UNINITIALIZED_AUTOS = YES_AGGRESSIVE;
				GCC_WARN_UNUSED_FUNCTION = YES;
				GCC_WARN_UNUSED_VARIABLE = YES;
				LOCALIZATION_PREFERS_STRING_CATALOGS = YES;
				MACOSX_DEPLOYMENT_TARGET = 14.3;
				MTL_ENABLE_DEBUG_INFO = INCLUDE_SOURCE;
				MTL_FAST_MATH = YES;
				ONLY_ACTIVE_ARCH = YES;
				SDKROOT = macosx;
				SWIFT_ACTIVE_COMPILATION_CONDITIONS = "DEBUG $(inherited)";
				SWIFT_OPTIMIZATION_LEVEL = "-Onone";
			};
			name = Debug;
		};
		A3979C362BA135A50087C039 /* Release */ = {
			isa = XCBuildConfiguration;
			buildSettings = {
				ALWAYS_SEARCH_USER_PATHS = NO;
				ASSETCATALOG_COMPILER_GENERATE_SWIFT_ASSET_SYMBOL_EXTENSIONS = YES;
				CLANG_ANALYZER_NONNULL = YES;
				CLANG_ANALYZER_NUMBER_OBJECT_CONVERSION = YES_AGGRESSIVE;
				CLANG_CXX_LANGUAGE_STANDARD = "gnu++20";
				CLANG_ENABLE_MODULES = YES;
				CLANG_ENABLE_OBJC_ARC = YES;
				CLANG_ENABLE_OBJC_WEAK = YES;
				CLANG_WARN_BLOCK_CAPTURE_AUTORELEASING = YES;
				CLANG_WARN_BOOL_CONVERSION = YES;
				CLANG_WARN_COMMA = YES;
				CLANG_WARN_CONSTANT_CONVERSION = YES;
				CLANG_WARN_DEPRECATED_OBJC_IMPLEMENTATIONS = YES;
				CLANG_WARN_DIRECT_OBJC_ISA_USAGE = YES_ERROR;
				CLANG_WARN_DOCUMENTATION_COMMENTS = YES;
				CLANG_WARN_EMPTY_BODY = YES;
				CLANG_WARN_ENUM_CONVERSION = YES;
				CLANG_WARN_INFINITE_RECURSION = YES;
				CLANG_WARN_INT_CONVERSION = YES;
				CLANG_WARN_NON_LITERAL_NULL_CONVERSION = YES;
				CLANG_WARN_OBJC_IMPLICIT_RETAIN_SELF = YES;
				CLANG_WARN_OBJC_LITERAL_CONVERSION = YES;
				CLANG_WARN_OBJC_ROOT_CLASS = YES_ERROR;
				CLANG_WARN_QUOTED_INCLUDE_IN_FRAMEWORK_HEADER = YES;
				CLANG_WARN_RANGE_LOOP_ANALYSIS = YES;
				CLANG_WARN_STRICT_PROTOTYPES = YES;
				CLANG_WARN_SUSPICIOUS_MOVE = YES;
				CLANG_WARN_UNGUARDED_AVAILABILITY = YES_AGGRESSIVE;
				CLANG_WARN_UNREACHABLE_CODE = YES;
				CLANG_WARN__DUPLICATE_METHOD_MATCH = YES;
				COPY_PHASE_STRIP = NO;
				DEBUG_INFORMATION_FORMAT = "dwarf-with-dsym";
				ENABLE_NS_ASSERTIONS = NO;
				ENABLE_STRICT_OBJC_MSGSEND = YES;
				ENABLE_USER_SCRIPT_SANDBOXING = YES;
				GCC_C_LANGUAGE_STANDARD = gnu17;
				GCC_NO_COMMON_BLOCKS = YES;
				GCC_WARN_64_TO_32_BIT_CONVERSION = YES;
				GCC_WARN_ABOUT_RETURN_TYPE = YES_ERROR;
				GCC_WARN_UNDECLARED_SELECTOR = YES;
				GCC_WARN_UNINITIALIZED_AUTOS = YES_AGGRESSIVE;
				GCC_WARN_UNUSED_FUNCTION = YES;
				GCC_WARN_UNUSED_VARIABLE = YES;
				LOCALIZATION_PREFERS_STRING_CATALOGS = YES;
				MACOSX_DEPLOYMENT_TARGET = 14.3;
				MTL_ENABLE_DEBUG_INFO = NO;
				MTL_FAST_MATH = YES;
				SDKROOT = macosx;
				SWIFT_COMPILATION_MODE = wholemodule;
			};
			name = Release;
		};
		A3979C382BA135A50087C039 /* Debug */ = {
			isa = XCBuildConfiguration;
			buildSettings = {
				ASSETCATALOG_COMPILER_APPICON_NAME = AppIcon;
				ASSETCATALOG_COMPILER_GLOBAL_ACCENT_COLOR_NAME = AccentColor;
				CODE_SIGN_ENTITLEMENTS = loginIn/loginIn.entitlements;
				CODE_SIGN_STYLE = Automatic;
				COMBINE_HIDPI_IMAGES = YES;
				CURRENT_PROJECT_VERSION = 1;
				DEVELOPMENT_ASSET_PATHS = "\"loginIn/Preview Content\"";
				DEVELOPMENT_TEAM = W3WX9TN82K;
				ENABLE_PREVIEWS = YES;
				GENERATE_INFOPLIST_FILE = YES;
				INFOPLIST_KEY_NSHumanReadableCopyright = "";
				LD_RUNPATH_SEARCH_PATHS = (
					"$(inherited)",
					"@executable_path/../Frameworks",
				);
				MARKETING_VERSION = 1.0;
				PRODUCT_BUNDLE_IDENTIFIER = com.wxb.loginIn;
				PRODUCT_NAME = "$(TARGET_NAME)";
				SWIFT_EMIT_LOC_STRINGS = YES;
				SWIFT_VERSION = 5.0;
			};
			name = Debug;
		};
		A3979C392BA135A50087C039 /* Release */ = {
			isa = XCBuildConfiguration;
			buildSettings = {
				ASSETCATALOG_COMPILER_APPICON_NAME = AppIcon;
				ASSETCATALOG_COMPILER_GLOBAL_ACCENT_COLOR_NAME = AccentColor;
				CODE_SIGN_ENTITLEMENTS = loginIn/loginIn.entitlements;
				CODE_SIGN_STYLE = Automatic;
				COMBINE_HIDPI_IMAGES = YES;
				CURRENT_PROJECT_VERSION = 1;
				DEVELOPMENT_ASSET_PATHS = "\"loginIn/Preview Content\"";
				DEVELOPMENT_TEAM = W3WX9TN82K;
				ENABLE_PREVIEWS = YES;
				GENERATE_INFOPLIST_FILE = YES;
				INFOPLIST_KEY_NSHumanReadableCopyright = "";
				LD_RUNPATH_SEARCH_PATHS = (
					"$(inherited)",
					"@executable_path/../Frameworks",
				);
				MARKETING_VERSION = 1.0;
				PRODUCT_BUNDLE_IDENTIFIER = com.wxb.loginIn;
				PRODUCT_NAME = "$(TARGET_NAME)";
				SWIFT_EMIT_LOC_STRINGS = YES;
				SWIFT_VERSION = 5.0;
			};
			name = Release;
		};
/* End XCBuildConfiguration section */

/* Begin XCConfigurationList section */
		A3979C232BA135A40087C039 /* Build configuration list for PBXProject "loginIn" */ = {
			isa = XCConfigurationList;
			buildConfigurations = (
				A3979C352BA135A50087C039 /* Debug */,
				A3979C362BA135A50087C039 /* Release */,
			);
			defaultConfigurationIsVisible = 0;
			defaultConfigurationName = Release;
		};
		A3979C372BA135A50087C039 /* Build configuration list for PBXNativeTarget "loginIn" */ = {
			isa = XCConfigurationList;
			buildConfigurations = (
				A3979C382BA135A50087C039 /* Debug */,
				A3979C392BA135A50087C039 /* Release */,
			);
			defaultConfigurationIsVisible = 0;
			defaultConfigurationName = Release;
		};
/* End XCConfigurationList section */
	};
	rootObject = A3979C202BA135A40087C039 /* Project object */;
}
